// !$*UTF8*$!
{
	archiveVersion = 1;
	classes = {
	};
	objectVersion = 46;
	objects = {

/* Begin PBXBuildFile section */
		0FA7FA271AEA1BE300A18A16 /* AppDelegate.swift in Sources */ = {isa = PBXBuildFile; fileRef = 0FA7FA261AEA1BE300A18A16 /* AppDelegate.swift */; };
		0FA7FA291AEA1BE300A18A16 /* ViewController.swift in Sources */ = {isa = PBXBuildFile; fileRef = 0FA7FA281AEA1BE300A18A16 /* ViewController.swift */; };
		0FA7FA2C1AEA1BE300A18A16 /* Main.storyboard in Resources */ = {isa = PBXBuildFile; fileRef = 0FA7FA2A1AEA1BE300A18A16 /* Main.storyboard */; };
		0FA7FA2E1AEA1BE300A18A16 /* Images.xcassets in Resources */ = {isa = PBXBuildFile; fileRef = 0FA7FA2D1AEA1BE300A18A16 /* Images.xcassets */; };
		0FA7FA311AEA1BE300A18A16 /* LaunchScreen.xib in Resources */ = {isa = PBXBuildFile; fileRef = 0FA7FA2F1AEA1BE300A18A16 /* LaunchScreen.xib */; };
		0FA7FA3D1AEA1BE300A18A16 /* TwitterTests.swift in Sources */ = {isa = PBXBuildFile; fileRef = 0FA7FA3C1AEA1BE300A18A16 /* TwitterTests.swift */; };
/* End PBXBuildFile section */

/* Begin PBXContainerItemProxy section */
		0FA7FA371AEA1BE300A18A16 /* PBXContainerItemProxy */ = {
			isa = PBXContainerItemProxy;
			containerPortal = 0FA7FA191AEA1BE200A18A16 /* Project object */;
			proxyType = 1;
			remoteGlobalIDString = 0FA7FA201AEA1BE200A18A16;
			remoteInfo = Twitter;
		};
/* End PBXContainerItemProxy section */

/* Begin PBXFileReference section */
		0FA7FA211AEA1BE200A18A16 /* Twitter.app */ = {isa = PBXFileReference; explicitFileType = wrapper.application; includeInIndex = 0; path = Twitter.app; sourceTree = BUILT_PRODUCTS_DIR; };
		0FA7FA251AEA1BE200A18A16 /* Info.plist */ = {isa = PBXFileReference; lastKnownFileType = text.plist.xml; path = Info.plist; sourceTree = "<group>"; };
		0FA7FA261AEA1BE300A18A16 /* AppDelegate.swift */ = {isa = PBXFileReference; lastKnownFileType = sourcecode.swift; path = AppDelegate.swift; sourceTree = "<group>"; };
		0FA7FA281AEA1BE300A18A16 /* ViewController.swift */ = {isa = PBXFileReference; lastKnownFileType = sourcecode.swift; path = ViewController.swift; sourceTree = "<group>"; };
		0FA7FA2B1AEA1BE300A18A16 /* Base */ = {isa = PBXFileReference; lastKnownFileType = file.storyboard; name = Base; path = Base.lproj/Main.storyboard; sourceTree = "<group>"; };
		0FA7FA2D1AEA1BE300A18A16 /* Images.xcassets */ = {isa = PBXFileReference; lastKnownFileType = folder.assetcatalog; path = Images.xcassets; sourceTree = "<group>"; };
		0FA7FA301AEA1BE300A18A16 /* Base */ = {isa = PBXFileReference; lastKnownFileType = file.xib; name = Base; path = Base.lproj/LaunchScreen.xib; sourceTree = "<group>"; };
		0FA7FA361AEA1BE300A18A16 /* TwitterTests.xctest */ = {isa = PBXFileReference; explicitFileType = wrapper.cfbundle; includeInIndex = 0; path = TwitterTests.xctest; sourceTree = BUILT_PRODUCTS_DIR; };
		0FA7FA3B1AEA1BE300A18A16 /* Info.plist */ = {isa = PBXFileReference; lastKnownFileType = text.plist.xml; path = Info.plist; sourceTree = "<group>"; };
		0FA7FA3C1AEA1BE300A18A16 /* TwitterTests.swift */ = {isa = PBXFileReference; lastKnownFileType = sourcecode.swift; path = TwitterTests.swift; sourceTree = "<group>"; };
/* End PBXFileReference section */

/* Begin PBXFrameworksBuildPhase section */
		0FA7FA1E1AEA1BE200A18A16 /* Frameworks */ = {
			isa = PBXFrameworksBuildPhase;
			buildActionMask = 2147483647;
			files = (
			);
			runOnlyForDeploymentPostprocessing = 0;
		};
		0FA7FA331AEA1BE300A18A16 /* Frameworks */ = {
			isa = PBXFrameworksBuildPhase;
			buildActionMask = 2147483647;
			files = (
			);
			runOnlyForDeploymentPostprocessing = 0;
		};
/* End PBXFrameworksBuildPhase section */

/* Begin PBXGroup section */
		0FA7FA181AEA1BE200A18A16 = {
			isa = PBXGroup;
			children = (
				0FA7FA231AEA1BE200A18A16 /* Twitter */,
				0FA7FA391AEA1BE300A18A16 /* TwitterTests */,
				0FA7FA221AEA1BE200A18A16 /* Products */,
			);
			sourceTree = "<group>";
		};
		0FA7FA221AEA1BE200A18A16 /* Products */ = {
			isa = PBXGroup;
			children = (
				0FA7FA211AEA1BE200A18A16 /* Twitter.app */,
				0FA7FA361AEA1BE300A18A16 /* TwitterTests.xctest */,
			);
			name = Products;
			sourceTree = "<group>";
		};
		0FA7FA231AEA1BE200A18A16 /* Twitter */ = {
			isa = PBXGroup;
			children = (
				0FA7FA261AEA1BE300A18A16 /* AppDelegate.swift */,
				0FA7FA281AEA1BE300A18A16 /* ViewController.swift */,
				0FA7FA2A1AEA1BE300A18A16 /* Main.storyboard */,
				0FA7FA2D1AEA1BE300A18A16 /* Images.xcassets */,
				0FA7FA2F1AEA1BE300A18A16 /* LaunchScreen.xib */,
				0FA7FA241AEA1BE200A18A16 /* Supporting Files */,
			);
			path = Twitter;
			sourceTree = "<group>";
		};
		0FA7FA241AEA1BE200A18A16 /* Supporting Files */ = {
			isa = PBXGroup;
			children = (
				0FA7FA251AEA1BE200A18A16 /* Info.plist */,
			);
			name = "Supporting Files";
			sourceTree = "<group>";
		};
		0FA7FA391AEA1BE300A18A16 /* TwitterTests */ = {
			isa = PBXGroup;
			children = (
				0FA7FA3C1AEA1BE300A18A16 /* TwitterTests.swift */,
				0FA7FA3A1AEA1BE300A18A16 /* Supporting Files */,
			);
			path = TwitterTests;
			sourceTree = "<group>";
		};
		0FA7FA3A1AEA1BE300A18A16 /* Supporting Files */ = {
			isa = PBXGroup;
			children = (
				0FA7FA3B1AEA1BE300A18A16 /* Info.plist */,
			);
			name = "Supporting Files";
			sourceTree = "<group>";
		};
/* End PBXGroup section */

/* Begin PBXNativeTarget section */
		0FA7FA201AEA1BE200A18A16 /* Twitter */ = {
			isa = PBXNativeTarget;
			buildConfigurationList = 0FA7FA401AEA1BE300A18A16 /* Build configuration list for PBXNativeTarget "Twitter" */;
			buildPhases = (
				0FA7FA1D1AEA1BE200A18A16 /* Sources */,
				0FA7FA1E1AEA1BE200A18A16 /* Frameworks */,
				0FA7FA1F1AEA1BE200A18A16 /* Resources */,
			);
			buildRules = (
			);
			dependencies = (
			);
			name = Twitter;
			productName = Twitter;
			productReference = 0FA7FA211AEA1BE200A18A16 /* Twitter.app */;
			productType = "com.apple.product-type.application";
		};
		0FA7FA351AEA1BE300A18A16 /* TwitterTests */ = {
			isa = PBXNativeTarget;
			buildConfigurationList = 0FA7FA431AEA1BE300A18A16 /* Build configuration list for PBXNativeTarget "TwitterTests" */;
			buildPhases = (
				0FA7FA321AEA1BE300A18A16 /* Sources */,
				0FA7FA331AEA1BE300A18A16 /* Frameworks */,
				0FA7FA341AEA1BE300A18A16 /* Resources */,
			);
			buildRules = (
			);
			dependencies = (
				0FA7FA381AEA1BE300A18A16 /* PBXTargetDependency */,
			);
			name = TwitterTests;
			productName = TwitterTests;
			productReference = 0FA7FA361AEA1BE300A18A16 /* TwitterTests.xctest */;
			productType = "com.apple.product-type.bundle.unit-test";
		};
/* End PBXNativeTarget section */

/* Begin PBXProject section */
		0FA7FA191AEA1BE200A18A16 /* Project object */ = {
			isa = PBXProject;
			attributes = {
				LastUpgradeCheck = 0630;
				ORGANIZATIONNAME = "Nathaniel Okun";
				TargetAttributes = {
					0FA7FA201AEA1BE200A18A16 = {
						CreatedOnToolsVersion = 6.3.1;
					};
					0FA7FA351AEA1BE300A18A16 = {
						CreatedOnToolsVersion = 6.3.1;
						TestTargetID = 0FA7FA201AEA1BE200A18A16;
					};
				};
			};
			buildConfigurationList = 0FA7FA1C1AEA1BE200A18A16 /* Build configuration list for PBXProject "Twitter" */;
			compatibilityVersion = "Xcode 3.2";
			developmentRegion = English;
			hasScannedForEncodings = 0;
			knownRegions = (
				en,
				Base,
			);
			mainGroup = 0FA7FA181AEA1BE200A18A16;
			productRefGroup = 0FA7FA221AEA1BE200A18A16 /* Products */;
			projectDirPath = "";
			projectRoot = "";
			targets = (
				0FA7FA201AEA1BE200A18A16 /* Twitter */,
				0FA7FA351AEA1BE300A18A16 /* TwitterTests */,
			);
		};
/* End PBXProject section */

/* Begin PBXResourcesBuildPhase section */
		0FA7FA1F1AEA1BE200A18A16 /* Resources */ = {
			isa = PBXResourcesBuildPhase;
			buildActionMask = 2147483647;
			files = (
				0FA7FA2C1AEA1BE300A18A16 /* Main.storyboard in Resources */,
				0FA7FA311AEA1BE300A18A16 /* LaunchScreen.xib in Resources */,
				0FA7FA2E1AEA1BE300A18A16 /* Images.xcassets in Resources */,
			);
			runOnlyForDeploymentPostprocessing = 0;
		};
		0FA7FA341AEA1BE300A18A16 /* Resources */ = {
			isa = PBXResourcesBuildPhase;
			buildActionMask = 2147483647;
			files = (
			);
			runOnlyForDeploymentPostprocessing = 0;
		};
/* End PBXResourcesBuildPhase section */

/* Begin PBXSourcesBuildPhase section */
		0FA7FA1D1AEA1BE200A18A16 /* Sources */ = {
			isa = PBXSourcesBuildPhase;
			buildActionMask = 2147483647;
			files = (
				0FA7FA291AEA1BE300A18A16 /* ViewController.swift in Sources */,
				0FA7FA271AEA1BE300A18A16 /* AppDelegate.swift in Sources */,
			);
			runOnlyForDeploymentPostprocessing = 0;
		};
		0FA7FA321AEA1BE300A18A16 /* Sources */ = {
			isa = PBXSourcesBuildPhase;
			buildActionMask = 2147483647;
			files = (
				0FA7FA3D1AEA1BE300A18A16 /* TwitterTests.swift in Sources */,
			);
			runOnlyForDeploymentPostprocessing = 0;
		};
/* End PBXSourcesBuildPhase section */

/* Begin PBXTargetDependency section */
		0FA7FA381AEA1BE300A18A16 /* PBXTargetDependency */ = {
			isa = PBXTargetDependency;
			target = 0FA7FA201AEA1BE200A18A16 /* Twitter */;
			targetProxy = 0FA7FA371AEA1BE300A18A16 /* PBXContainerItemProxy */;
		};
/* End PBXTargetDependency section */

/* Begin PBXVariantGroup section */
		0FA7FA2A1AEA1BE300A18A16 /* Main.storyboard */ = {
			isa = PBXVariantGroup;
			children = (
				0FA7FA2B1AEA1BE300A18A16 /* Base */,
			);
			name = Main.storyboard;
			sourceTree = "<group>";
		};
		0FA7FA2F1AEA1BE300A18A16 /* LaunchScreen.xib */ = {
			isa = PBXVariantGroup;
			children = (
				0FA7FA301AEA1BE300A18A16 /* Base */,
			);
			name = LaunchScreen.xib;
			sourceTree = "<group>";
		};
/* End PBXVariantGroup section */

/* Begin XCBuildConfiguration section */
		0FA7FA3E1AEA1BE300A18A16 /* Debug */ = {
			isa = XCBuildConfiguration;
			buildSettings = {
				ALWAYS_SEARCH_USER_PATHS = NO;
				CLANG_CXX_LANGUAGE_STANDARD = "gnu++0x";
				CLANG_CXX_LIBRARY = "libc++";
				CLANG_ENABLE_MODULES = YES;
				CLANG_ENABLE_OBJC_ARC = YES;
				CLANG_WARN_BOOL_CONVERSION = YES;
				CLANG_WARN_CONSTANT_CONVERSION = YES;
				CLANG_WARN_DIRECT_OBJC_ISA_USAGE = YES_ERROR;
				CLANG_WARN_EMPTY_BODY = YES;
				CLANG_WARN_ENUM_CONVERSION = YES;
				CLANG_WARN_INT_CONVERSION = YES;
				CLANG_WARN_OBJC_ROOT_CLASS = YES_ERROR;
				CLANG_WARN_UNREACHABLE_CODE = YES;
				CLANG_WARN__DUPLICATE_METHOD_MATCH = YES;
				"CODE_SIGN_IDENTITY[sdk=iphoneos*]" = "iPhone Developer";
				COPY_PHASE_STRIP = NO;
				DEBUG_INFORMATION_FORMAT = "dwarf-with-dsym";
				ENABLE_STRICT_OBJC_MSGSEND = YES;
				GCC_C_LANGUAGE_STANDARD = gnu99;
				GCC_DYNAMIC_NO_PIC = NO;
				GCC_NO_COMMON_BLOCKS = YES;
				GCC_OPTIMIZATION_LEVEL = 0;
				GCC_PREPROCESSOR_DEFINITIONS = (
					"DEBUG=1",
					"$(inherited)",
				);
				GCC_SYMBOLS_PRIVATE_EXTERN = NO;
				GCC_WARN_64_TO_32_BIT_CONVERSION = YES;
				GCC_WARN_ABOUT_RETURN_TYPE = YES_ERROR;
				GCC_WARN_UNDECLARED_SELECTOR = YES;
				GCC_WARN_UNINITIALIZED_AUTOS = YES_AGGRESSIVE;
				GCC_WARN_UNUSED_FUNCTION = YES;
				GCC_WARN_UNUSED_VARIABLE = YES;
				IPHONEOS_DEPLOYMENT_TARGET = 8.3;
				MTL_ENABLE_DEBUG_INFO = YES;
				ONLY_ACTIVE_ARCH = YES;
				SDKROOT = iphoneos;
				SWIFT_OPTIMIZATION_LEVEL = "-Onone";
				TARGETED_DEVICE_FAMILY = "1,2";
			};
			name = Debug;
		};
		0FA7FA3F1AEA1BE300A18A16 /* Release */ = {
			isa = XCBuildConfiguration;
			buildSettings = {
				ALWAYS_SEARCH_USER_PATHS = NO;
				CLANG_CXX_LANGUAGE_STANDARD = "gnu++0x";
				CLANG_CXX_LIBRARY = "libc++";
				CLANG_ENABLE_MODULES = YES;
				CLANG_ENABLE_OBJC_ARC = YES;
				CLANG_WARN_BOOL_CONVERSION = YES;
				CLANG_WARN_CONSTANT_CONVERSION = YES;
				CLANG_WARN_DIRECT_OBJC_ISA_USAGE = YES_ERROR;
				CLANG_WARN_EMPTY_BODY = YES;
				CLANG_WARN_ENUM_CONVERSION = YES;
				CLANG_WARN_INT_CONVERSION = YES;
				CLANG_WARN_OBJC_ROOT_CLASS = YES_ERROR;
				CLANG_WARN_UNREACHABLE_CODE = YES;
				CLANG_WARN__DUPLICATE_METHOD_MATCH = YES;
				"CODE_SIGN_IDENTITY[sdk=iphoneos*]" = "iPhone Developer";
				COPY_PHASE_STRIP = NO;
				DEBUG_INFORMATION_FORMAT = "dwarf-with-dsym";
				ENABLE_NS_ASSERTIONS = NO;
				ENABLE_STRICT_OBJC_MSGSEND = YES;
				GCC_C_LANGUAGE_STANDARD = gnu99;
				GCC_NO_COMMON_BLOCKS = YES;
				GCC_WARN_64_TO_32_BIT_CONVERSION = YES;
				GCC_WARN_ABOUT_RETURN_TYPE = YES_ERROR;
				GCC_WARN_UNDECLARED_SELECTOR = YES;
				GCC_WARN_UNINITIALIZED_AUTOS = YES_AGGRESSIVE;
				GCC_WARN_UNUSED_FUNCTION = YES;
				GCC_WARN_UNUSED_VARIABLE = YES;
				IPHONEOS_DEPLOYMENT_TARGET = 8.3;
				MTL_ENABLE_DEBUG_INFO = NO;
				SDKROOT = iphoneos;
				TARGETED_DEVICE_FAMILY = "1,2";
				VALIDATE_PRODUCT = YES;
			};
			name = Release;
		};
		0FA7FA411AEA1BE300A18A16 /* Debug */ = {
			isa = XCBuildConfiguration;
			buildSettings = {
				ASSETCATALOG_COMPILER_APPICON_NAME = AppIcon;
				INFOPLIST_FILE = Twitter/Info.plist;
				LD_RUNPATH_SEARCH_PATHS = "$(inherited) @executable_path/Frameworks";
				PRODUCT_NAME = "$(TARGET_NAME)";
			};
			name = Debug;
		};
		0FA7FA421AEA1BE300A18A16 /* Release */ = {
			isa = XCBuildConfiguration;
			buildSettings = {
				ASSETCATALOG_COMPILER_APPICON_NAME = AppIcon;
				INFOPLIST_FILE = Twitter/Info.plist;
				LD_RUNPATH_SEARCH_PATHS = "$(inherited) @executable_path/Frameworks";
				PRODUCT_NAME = "$(TARGET_NAME)";
			};
			name = Release;
		};
		0FA7FA441AEA1BE300A18A16 /* Debug */ = {
			isa = XCBuildConfiguration;
			buildSettings = {
				BUNDLE_LOADER = "$(TEST_HOST)";
				FRAMEWORK_SEARCH_PATHS = (
					"$(SDKROOT)/Developer/Library/Frameworks",
					"$(inherited)",
				);
				GCC_PREPROCESSOR_DEFINITIONS = (
					"DEBUG=1",
					"$(inherited)",
				);
				INFOPLIST_FILE = TwitterTests/Info.plist;
				LD_RUNPATH_SEARCH_PATHS = "$(inherited) @executable_path/Frameworks @loader_path/Frameworks";
				PRODUCT_NAME = "$(TARGET_NAME)";
				TEST_HOST = "$(BUILT_PRODUCTS_DIR)/Twitter.app/Twitter";
			};
			name = Debug;
		};
		0FA7FA451AEA1BE300A18A16 /* Release */ = {
			isa = XCBuildConfiguration;
			buildSettings = {
				BUNDLE_LOADER = "$(TEST_HOST)";
				FRAMEWORK_SEARCH_PATHS = (
					"$(SDKROOT)/Developer/Library/Frameworks",
					"$(inherited)",
				);
				INFOPLIST_FILE = TwitterTests/Info.plist;
				LD_RUNPATH_SEARCH_PATHS = "$(inherited) @executable_path/Frameworks @loader_path/Frameworks";
				PRODUCT_NAME = "$(TARGET_NAME)";
				TEST_HOST = "$(BUILT_PRODUCTS_DIR)/Twitter.app/Twitter";
			};
			name = Release;
		};
/* End XCBuildConfiguration section */

/* Begin XCConfigurationList section */
		0FA7FA1C1AEA1BE200A18A16 /* Build configuration list for PBXProject "Twitter" */ = {
			isa = XCConfigurationList;
			buildConfigurations = (
				0FA7FA3E1AEA1BE300A18A16 /* Debug */,
				0FA7FA3F1AEA1BE300A18A16 /* Release */,
			);
			defaultConfigurationIsVisible = 0;
			defaultConfigurationName = Release;
		};
		0FA7FA401AEA1BE300A18A16 /* Build configuration list for PBXNativeTarget "Twitter" */ = {
			isa = XCConfigurationList;
			buildConfigurations = (
				0FA7FA411AEA1BE300A18A16 /* Debug */,
				0FA7FA421AEA1BE300A18A16 /* Release */,
			);
			defaultConfigurationIsVisible = 0;
		};
		0FA7FA431AEA1BE300A18A16 /* Build configuration list for PBXNativeTarget "TwitterTests" */ = {
			isa = XCConfigurationList;
			buildConfigurations = (
				0FA7FA441AEA1BE300A18A16 /* Debug */,
				0FA7FA451AEA1BE300A18A16 /* Release */,
			);
			defaultConfigurationIsVisible = 0;
		};
/* End XCConfigurationList section */
	};
	rootObject = 0FA7FA191AEA1BE200A18A16 /* Project object */;
}
